
Microsoft Visual Studio Solution File, Format Version 12.00
# Visual Studio Version 16
VisualStudioVersion = 16.0.31515.178
MinimumVisualStudioVersion = 10.0.40219.1
Project("{9A19103F-16F7-4668-BE54-9A1E7A4F7556}") = "WeatherAPI", "WeatherAPI\WeatherAPI.csproj", "{752E1C15-039C-450B-9959-33F51F55F639}"
EndProject
Project("{FAE04EC0-301F-11D3-BF4B-00C04F79EFBC}") = "WeatherMvc", "WeatherMvc\WeatherMvc.csproj", "{D82973FF-C4D2-4101-A943-353A5B00C0EA}"
EndProject
Global
	GlobalSection(SolutionConfigurationPlatforms) = preSolution
		Debug|Any CPU = Debug|Any CPU
		Release|Any CPU = Release|Any CPU
	EndGlobalSection
	GlobalSection(ProjectConfigurationPlatforms) = postSolution
		{752E1C15-039C-450B-9959-33F51F55F639}.Debug|Any CPU.ActiveCfg = Debug|Any CPU
		{752E1C15-039C-450B-9959-33F51F55F639}.Debug|Any CPU.Build.0 = Debug|Any CPU
		{752E1C15-039C-450B-9959-33F51F55F639}.Release|Any CPU.ActiveCfg = Release|Any CPU
		{752E1C15-039C-450B-9959-33F51F55F639}.Release|Any CPU.Build.0 = Release|Any CPU
		{D82973FF-C4D2-4101-A943-353A5B00C0EA}.Debug|Any CPU.ActiveCfg = Debug|Any CPU
		{D82973FF-C4D2-4101-A943-353A5B00C0EA}.Debug|Any CPU.Build.0 = Debug|Any CPU
		{D82973FF-C4D2-4101-A943-353A5B00C0EA}.Release|Any CPU.ActiveCfg = Release|Any CPU
		{D82973FF-C4D2-4101-A943-353A5B00C0EA}.Release|Any CPU.Build.0 = Release|Any CPU
	EndGlobalSection
	GlobalSection(SolutionProperties) = preSolution
		HideSolutionNode = FALSE
	EndGlobalSection
	GlobalSection(ExtensibilityGlobals) = postSolution
		SolutionGuid = {CD6D3572-B4ED-448D-A435-70F3F223B2ED}
	EndGlobalSection
EndGlobal
